
Microsoft Visual Studio Solution File, Format Version 12.00
# Visual Studio Version 17
VisualStudioVersion = 17.6.33829.357
MinimumVisualStudioVersion = 10.0.40219.1
Project("{8BC9CEB8-8B4A-11D0-8D11-00A0C91BC942}") = "Simulator", "Simulator\Simulator.vcxproj", "{96473EB1-E9A6-435A-806A-8D9E50095BB8}"
EndProject
Project("{8BC9CEB8-8B4A-11D0-8D11-00A0C91BC942}") = "Aqua", "Aqua\Aqua.vcxproj", "{99CCDF3B-69FF-4A71-BF16-9F4BD02B6467}"
EndProject
Global
	GlobalSection(SolutionConfigurationPlatforms) = preSolution
		Debug|x64 = Debug|x64
		Release|x64 = Release|x64
	EndGlobalSection
	GlobalSection(ProjectConfigurationPlatforms) = postSolution
		{99CCDF3B-69FF-4A71-BF16-9F4BD02B6467}.Debug|x64.ActiveCfg = Debug|x64
		{99CCDF3B-69FF-4A71-BF16-9F4BD02B6467}.Debug|x64.Build.0 = Debug|x64
		{99CCDF3B-69FF-4A71-BF16-9F4BD02B6467}.Release|x64.ActiveCfg = Release|x64
		{99CCDF3B-69FF-4A71-BF16-9F4BD02B6467}.Release|x64.Build.0 = Release|x64
		{96473EB1-E9A6-435A-806A-8D9E50095BB8}.Debug|x64.ActiveCfg = Debug|x64
		{96473EB1-E9A6-435A-806A-8D9E50095BB8}.Debug|x64.Build.0 = Debug|x64
		{96473EB1-E9A6-435A-806A-8D9E50095BB8}.Release|x64.ActiveCfg = Release|x64
		{96473EB1-E9A6-435A-806A-8D9E50095BB8}.Release|x64.Build.0 = Release|x64
	EndGlobalSection
	GlobalSection(SolutionProperties) = preSolution
		HideSolutionNode = FALSE
	EndGlobalSection
	GlobalSection(ExtensibilityGlobals) = postSolution
		SolutionGuid = {55297FE7-51B2-45A5-AB2D-BB0D47054A51}
	EndGlobalSection
EndGlobal
